
Microsoft Visual Studio Solution File, Format Version 12.00
# Visual Studio Version 17
VisualStudioVersion = 17.0.32126.317
MinimumVisualStudioVersion = 10.0.40219.1
Project("{FAE04EC0-301F-11D3-BF4B-00C04F79EFBC}") = "QAndA.API", "..\QAndA.API\QAndA.API.csproj", "{9CA15456-73E2-4B98-BC3E-52DB5EC19E92}"
EndProject
Global
	GlobalSection(SolutionConfigurationPlatforms) = preSolution
		Debug|Any CPU = Debug|Any CPU
		Release|Any CPU = Release|Any CPU
	EndGlobalSection
	GlobalSection(ProjectConfigurationPlatforms) = postSolution
		{9CA15456-73E2-4B98-BC3E-52DB5EC19E92}.Debug|Any CPU.ActiveCfg = Debug|Any CPU
		{9CA15456-73E2-4B98-BC3E-52DB5EC19E92}.Debug|Any CPU.Build.0 = Debug|Any CPU
		{9CA15456-73E2-4B98-BC3E-52DB5EC19E92}.Release|Any CPU.ActiveCfg = Release|Any CPU
		{9CA15456-73E2-4B98-BC3E-52DB5EC19E92}.Release|Any CPU.Build.0 = Release|Any CPU
	EndGlobalSection
	GlobalSection(SolutionProperties) = preSolution
		HideSolutionNode = FALSE
	EndGlobalSection
	GlobalSection(ExtensibilityGlobals) = postSolution
		SolutionGuid = {467BF229-4875-400E-88EB-2DF48570E266}
	EndGlobalSection
EndGlobal
